
Microsoft Visual Studio Solution File, Format Version 12.00
# Visual Studio Version 16
VisualStudioVersion = 25.0.1703.2
MinimumVisualStudioVersion = 10.0.40219.1
Project("{FAE04EC0-301F-11D3-BF4B-00C04F79EFBC}") = "shapeDrawer1", "shapeDrawer1\shapeDrawer1.csproj", "{DDC9EC7F-B443-4C78-80CE-61DBBF1E88D2}"
EndProject
Global
	GlobalSection(SolutionConfigurationPlatforms) = preSolution
		Debug|Any CPU = Debug|Any CPU
		Release|Any CPU = Release|Any CPU
	EndGlobalSection
	GlobalSection(ProjectConfigurationPlatforms) = postSolution
		{DDC9EC7F-B443-4C78-80CE-61DBBF1E88D2}.Debug|Any CPU.ActiveCfg = Debug|Any CPU
		{DDC9EC7F-B443-4C78-80CE-61DBBF1E88D2}.Debug|Any CPU.Build.0 = Debug|Any CPU
		{DDC9EC7F-B443-4C78-80CE-61DBBF1E88D2}.Release|Any CPU.ActiveCfg = Release|Any CPU
		{DDC9EC7F-B443-4C78-80CE-61DBBF1E88D2}.Release|Any CPU.Build.0 = Release|Any CPU
	EndGlobalSection
	GlobalSection(SolutionProperties) = preSolution
		HideSolutionNode = FALSE
	EndGlobalSection
	GlobalSection(ExtensibilityGlobals) = postSolution
		SolutionGuid = {33CB2033-9FC0-48B0-B3AC-80D6F1C0CB20}
	EndGlobalSection
EndGlobal
