
Microsoft Visual Studio Solution File, Format Version 12.00
# Visual Studio Version 16
VisualStudioVersion = 25.0.1700.7
MinimumVisualStudioVersion = 10.0.40219.1
Project("{FAE04EC0-301F-11D3-BF4B-00C04F79EFBC}") = "counterClass", "counterClass\counterClass.csproj", "{757164C0-3C95-475B-A445-3DF7BED619C8}"
EndProject
Global
	GlobalSection(SolutionConfigurationPlatforms) = preSolution
		Debug|Any CPU = Debug|Any CPU
		Release|Any CPU = Release|Any CPU
	EndGlobalSection
	GlobalSection(ProjectConfigurationPlatforms) = postSolution
		{757164C0-3C95-475B-A445-3DF7BED619C8}.Debug|Any CPU.ActiveCfg = Debug|Any CPU
		{757164C0-3C95-475B-A445-3DF7BED619C8}.Debug|Any CPU.Build.0 = Debug|Any CPU
		{757164C0-3C95-475B-A445-3DF7BED619C8}.Release|Any CPU.ActiveCfg = Release|Any CPU
		{757164C0-3C95-475B-A445-3DF7BED619C8}.Release|Any CPU.Build.0 = Release|Any CPU
	EndGlobalSection
	GlobalSection(SolutionProperties) = preSolution
		HideSolutionNode = FALSE
	EndGlobalSection
	GlobalSection(ExtensibilityGlobals) = postSolution
		SolutionGuid = {1268A889-AA95-4AE1-A8D4-22CDE7B20184}
	EndGlobalSection
EndGlobal
