
Microsoft Visual Studio Solution File, Format Version 12.00
# Visual Studio Version 16
VisualStudioVersion = 25.0.1703.2
MinimumVisualStudioVersion = 10.0.40219.1
Project("{FAE04EC0-301F-11D3-BF4B-00C04F79EFBC}") = "clockClass", "clockClass\clockClass.csproj", "{DAD08494-57C8-4420-97BA-784D30111444}"
EndProject
Project("{FAE04EC0-301F-11D3-BF4B-00C04F79EFBC}") = "NUnitTest", "NUnitTest\NUnitTest.csproj", "{8D66982B-B29C-4987-87D0-BCC0B6254D72}"
EndProject
Global
	GlobalSection(SolutionConfigurationPlatforms) = preSolution
		Debug|Any CPU = Debug|Any CPU
		Release|Any CPU = Release|Any CPU
	EndGlobalSection
	GlobalSection(ProjectConfigurationPlatforms) = postSolution
		{DAD08494-57C8-4420-97BA-784D30111444}.Debug|Any CPU.ActiveCfg = Debug|Any CPU
		{DAD08494-57C8-4420-97BA-784D30111444}.Debug|Any CPU.Build.0 = Debug|Any CPU
		{DAD08494-57C8-4420-97BA-784D30111444}.Release|Any CPU.ActiveCfg = Release|Any CPU
		{DAD08494-57C8-4420-97BA-784D30111444}.Release|Any CPU.Build.0 = Release|Any CPU
		{8D66982B-B29C-4987-87D0-BCC0B6254D72}.Debug|Any CPU.ActiveCfg = Debug|Any CPU
		{8D66982B-B29C-4987-87D0-BCC0B6254D72}.Debug|Any CPU.Build.0 = Debug|Any CPU
		{8D66982B-B29C-4987-87D0-BCC0B6254D72}.Release|Any CPU.ActiveCfg = Release|Any CPU
		{8D66982B-B29C-4987-87D0-BCC0B6254D72}.Release|Any CPU.Build.0 = Release|Any CPU
	EndGlobalSection
	GlobalSection(SolutionProperties) = preSolution
		HideSolutionNode = FALSE
	EndGlobalSection
	GlobalSection(ExtensibilityGlobals) = postSolution
		SolutionGuid = {1FC87161-2C6E-4959-85AC-A865C8D9C403}
	EndGlobalSection
EndGlobal
