
Microsoft Visual Studio Solution File, Format Version 12.00
# Visual Studio Version 16
VisualStudioVersion = 25.0.1703.2
MinimumVisualStudioVersion = 10.0.40219.1
Project("{FAE04EC0-301F-11D3-BF4B-00C04F79EFBC}") = "semTest", "semTest\semTest.csproj", "{BA867D98-F593-4E08-9AE6-D4DE2370A9FB}"
EndProject
Global
	GlobalSection(SolutionConfigurationPlatforms) = preSolution
		Debug|Any CPU = Debug|Any CPU
		Release|Any CPU = Release|Any CPU
	EndGlobalSection
	GlobalSection(ProjectConfigurationPlatforms) = postSolution
		{BA867D98-F593-4E08-9AE6-D4DE2370A9FB}.Debug|Any CPU.ActiveCfg = Debug|Any CPU
		{BA867D98-F593-4E08-9AE6-D4DE2370A9FB}.Debug|Any CPU.Build.0 = Debug|Any CPU
		{BA867D98-F593-4E08-9AE6-D4DE2370A9FB}.Release|Any CPU.ActiveCfg = Release|Any CPU
		{BA867D98-F593-4E08-9AE6-D4DE2370A9FB}.Release|Any CPU.Build.0 = Release|Any CPU
	EndGlobalSection
	GlobalSection(SolutionProperties) = preSolution
		HideSolutionNode = FALSE
	EndGlobalSection
	GlobalSection(ExtensibilityGlobals) = postSolution
		SolutionGuid = {B87282B2-CC05-4EDA-B2ED-14A7A635F9D7}
	EndGlobalSection
EndGlobal
